PODS:
  - Flutter (1.0.0)
  - pickers (0.0.1):
    - Flutter
    - ZLPhotoBrowser
  - SDWebImage (5.1.1):
    - SDWebImage/Core (= 5.1.1)
  - SDWebImage/Core (5.1.1)
  - ZLPhotoBrowser (3.1.1):
    - SDWebImage (~> 5.1.0)

DEPENDENCIES:
  - Flutter (from `.symlinks/flutter/ios`)
  - pickers (from `.symlinks/plugins/pickers/ios`)

SPEC REPOS:
  trunk:
    - SDWebImage
    - ZLPhotoBrowser

EXTERNAL SOURCES:
  Flutter:
    :path: ".symlinks/flutter/ios"
  pickers:
    :path: ".symlinks/plugins/pickers/ios"

SPEC CHECKSUMS:
  Flutter: 0e3d915762c693b495b44d77113d4970485de6ec
  pickers: 475772ee66906c4635033391bdb9e81c4aec7a4f
  SDWebImage: 96d7f03415ccb28d299d765f93557ff8a617abd8
  ZLPhotoBrowser: 7d4a2cea21469d7e29680991ed38e5224786ed44

PODFILE CHECKSUM: 914693c30a3cc33f5c91a29bb060d5a1ec39fd73

COCOAPODS: 1.8.4
